
Microsoft Visual Studio Solution File, Format Version 12.00
# Visual Studio Version 17
VisualStudioVersion = 17.5.002.0
MinimumVisualStudioVersion = 10.0.40219.1
Project("{9A19103F-16F7-4668-BE54-9A1E7A4F7556}") = "q1", "q1.csproj", "{AEBA05E7-C429-4EDF-B85E-FB71F22CF8E4}"
EndProject
Global
	GlobalSection(SolutionConfigurationPlatforms) = preSolution
		Debug|Any CPU = Debug|Any CPU
		Release|Any CPU = Release|Any CPU
	EndGlobalSection
	GlobalSection(ProjectConfigurationPlatforms) = postSolution
		{AEBA05E7-C429-4EDF-B85E-FB71F22CF8E4}.Debug|Any CPU.ActiveCfg = Debug|Any CPU
		{AEBA05E7-C429-4EDF-B85E-FB71F22CF8E4}.Debug|Any CPU.Build.0 = Debug|Any CPU
		{AEBA05E7-C429-4EDF-B85E-FB71F22CF8E4}.Release|Any CPU.ActiveCfg = Release|Any CPU
		{AEBA05E7-C429-4EDF-B85E-FB71F22CF8E4}.Release|Any CPU.Build.0 = Release|Any CPU
	EndGlobalSection
	GlobalSection(SolutionProperties) = preSolution
		HideSolutionNode = FALSE
	EndGlobalSection
	GlobalSection(ExtensibilityGlobals) = postSolution
		SolutionGuid = {318A3673-BF15-4ED2-A484-4B96BDE7D615}
	EndGlobalSection
EndGlobal
