
Microsoft Visual Studio Solution File, Format Version 12.00
# Visual Studio Version 17
VisualStudioVersion = 17.5.002.0
MinimumVisualStudioVersion = 10.0.40219.1
Project("{9A19103F-16F7-4668-BE54-9A1E7A4F7556}") = "q3", "q3.csproj", "{5CB3A0DC-7164-4EBB-907A-C68C0CA327A5}"
EndProject
Global
	GlobalSection(SolutionConfigurationPlatforms) = preSolution
		Debug|Any CPU = Debug|Any CPU
		Release|Any CPU = Release|Any CPU
	EndGlobalSection
	GlobalSection(ProjectConfigurationPlatforms) = postSolution
		{5CB3A0DC-7164-4EBB-907A-C68C0CA327A5}.Debug|Any CPU.ActiveCfg = Debug|Any CPU
		{5CB3A0DC-7164-4EBB-907A-C68C0CA327A5}.Debug|Any CPU.Build.0 = Debug|Any CPU
		{5CB3A0DC-7164-4EBB-907A-C68C0CA327A5}.Release|Any CPU.ActiveCfg = Release|Any CPU
		{5CB3A0DC-7164-4EBB-907A-C68C0CA327A5}.Release|Any CPU.Build.0 = Release|Any CPU
	EndGlobalSection
	GlobalSection(SolutionProperties) = preSolution
		HideSolutionNode = FALSE
	EndGlobalSection
	GlobalSection(ExtensibilityGlobals) = postSolution
		SolutionGuid = {2857CAB5-427F-4611-99F9-F486E6C2E32A}
	EndGlobalSection
EndGlobal
